// !$*UTF8*$!
{
	archiveVersion = 1;
	classes = {
	};
	objectVersion = 77;
	objects = {

/* Begin PBXBuildFile section */
		054B834E2E7D1E5D00DEF608 /* WidgetKit.framework in Frameworks */ = {isa = PBXBuildFile; fileRef = 054B83292E7D1BD500DEF608 /* WidgetKit.framework */; };
		054B834F2E7D1E5D00DEF608 /* SwiftUI.framework in Frameworks */ = {isa = PBXBuildFile; fileRef = 054B832B2E7D1BD500DEF608 /* SwiftUI.framework */; };
		056404D22E7E22A4007F2251 /* TGOAttributes.swift in Sources */ = {isa = PBXBuildFile; fileRef = 056404D12E7E2290007F2251 /* TGOAttributes.swift */; };
		056404D32E7E22A4007F2251 /* TGOAttributes.swift in Sources */ = {isa = PBXBuildFile; fileRef = 056404D12E7E2290007F2251 /* TGOAttributes.swift */; };
/* End PBXBuildFile section */

/* Begin PBXContainerItemProxy section */
		054B835E2E7D1E6000DEF608 /* PBXContainerItemProxy */ = {
			isa = PBXContainerItemProxy;
			containerPortal = 05339B5F2E6CB6E0003ED7A5 /* Project object */;
			proxyType = 1;
			remoteGlobalIDString = 054B834C2E7D1E5D00DEF608;
			remoteInfo = TGO_ActivityExtension;
		};
/* End PBXContainerItemProxy section */

/* Begin PBXCopyFilesBuildPhase section */
		054B83422E7D1BD800DEF608 /* Embed Foundation Extensions */ = {
			isa = PBXCopyFilesBuildPhase;
			buildActionMask = 2147483647;
			dstPath = "";
			dstSubfolderSpec = 13;
			files = (
			);
			name = "Embed Foundation Extensions";
			runOnlyForDeploymentPostprocessing = 0;
		};
/* End PBXCopyFilesBuildPhase section */

/* Begin PBXFileReference section */
		05339B672E6CB6E0003ED7A5 /* TGO.app */ = {isa = PBXFileReference; explicitFileType = wrapper.application; includeInIndex = 0; path = TGO.app; sourceTree = BUILT_PRODUCTS_DIR; };
		054B83292E7D1BD500DEF608 /* WidgetKit.framework */ = {isa = PBXFileReference; lastKnownFileType = wrapper.framework; name = WidgetKit.framework; path = System/Library/Frameworks/WidgetKit.framework; sourceTree = SDKROOT; };
		054B832B2E7D1BD500DEF608 /* SwiftUI.framework */ = {isa = PBXFileReference; lastKnownFileType = wrapper.framework; name = SwiftUI.framework; path = System/Library/Frameworks/SwiftUI.framework; sourceTree = SDKROOT; };
		054B834D2E7D1E5D00DEF608 /* TGO_ActivityExtension.appex */ = {isa = PBXFileReference; explicitFileType = "wrapper.app-extension"; includeInIndex = 0; path = TGO_ActivityExtension.appex; sourceTree = BUILT_PRODUCTS_DIR; };
		056404D12E7E2290007F2251 /* TGOAttributes.swift */ = {isa = PBXFileReference; lastKnownFileType = sourcecode.swift; path = TGOAttributes.swift; sourceTree = "<group>"; };
/* End PBXFileReference section */

/* Begin PBXFileSystemSynchronizedBuildFileExceptionSet section */
		054B83602E7D1E6000DEF608 /* Exceptions for "TGO_Activity" folder in "TGO_ActivityExtension" target */ = {
			isa = PBXFileSystemSynchronizedBuildFileExceptionSet;
			membershipExceptions = (
				Info.plist,
			);
			target = 054B834C2E7D1E5D00DEF608 /* TGO_ActivityExtension */;
		};
		054B83642E7D1EBF00DEF608 /* Exceptions for "TGO_Activity" folder in "TGO" target */ = {
			isa = PBXFileSystemSynchronizedBuildFileExceptionSet;
			membershipExceptions = (
				RunActivityAttributes.swift,
				TgoActivityAttributes.swift,
				TgoLiveActivity.swift,
			);
			target = 05339B662E6CB6E0003ED7A5 /* TGO */;
		};
		056404532E7E0128007F2251 /* Exceptions for "TGO" folder in "TGO" target */ = {
			isa = PBXFileSystemSynchronizedBuildFileExceptionSet;
			membershipExceptions = (
				Info.plist,
				PrintingActivityViewModel.swift,
			);
			target = 05339B662E6CB6E0003ED7A5 /* TGO */;
		};
		056404D92E7E238B007F2251 /* Exceptions for "TGO" folder in "TGO_ActivityExtension" target */ = {
			isa = PBXFileSystemSynchronizedBuildFileExceptionSet;
			membershipExceptions = (
				PrintingActivityViewModel.swift,
			);
			target = 054B834C2E7D1E5D00DEF608 /* TGO_ActivityExtension */;
		};
/* End PBXFileSystemSynchronizedBuildFileExceptionSet section */

/* Begin PBXFileSystemSynchronizedRootGroup section */
		05339B692E6CB6E0003ED7A5 /* TGO */ = {
			isa = PBXFileSystemSynchronizedRootGroup;
			exceptions = (
				056404532E7E0128007F2251 /* Exceptions for "TGO" folder in "TGO" target */,
				056404D92E7E238B007F2251 /* Exceptions for "TGO" folder in "TGO_ActivityExtension" target */,
			);
			path = TGO;
			sourceTree = "<group>";
		};
		054B83502E7D1E5D00DEF608 /* TGO_Activity */ = {
			isa = PBXFileSystemSynchronizedRootGroup;
			exceptions = (
				054B83642E7D1EBF00DEF608 /* Exceptions for "TGO_Activity" folder in "TGO" target */,
				054B83602E7D1E6000DEF608 /* Exceptions for "TGO_Activity" folder in "TGO_ActivityExtension" target */,
			);
			path = TGO_Activity;
			sourceTree = "<group>";
		};
/* End PBXFileSystemSynchronizedRootGroup section */

/* Begin PBXFrameworksBuildPhase section */
		05339B642E6CB6E0003ED7A5 /* Frameworks */ = {
			isa = PBXFrameworksBuildPhase;
			buildActionMask = 2147483647;
			files = (
			);
			runOnlyForDeploymentPostprocessing = 0;
		};
		054B834A2E7D1E5D00DEF608 /* Frameworks */ = {
			isa = PBXFrameworksBuildPhase;
			buildActionMask = 2147483647;
			files = (
				054B834F2E7D1E5D00DEF608 /* SwiftUI.framework in Frameworks */,
				054B834E2E7D1E5D00DEF608 /* WidgetKit.framework in Frameworks */,
			);
			runOnlyForDeploymentPostprocessing = 0;
		};
/* End PBXFrameworksBuildPhase section */

/* Begin PBXGroup section */
		05339B5E2E6CB6E0003ED7A5 = {
			isa = PBXGroup;
			children = (
				056404D02E7E2289007F2251 /* Shared */,
				05339B692E6CB6E0003ED7A5 /* TGO */,
				054B83502E7D1E5D00DEF608 /* TGO_Activity */,
				054B83282E7D1BD500DEF608 /* Frameworks */,
				05339B682E6CB6E0003ED7A5 /* Products */,
			);
			sourceTree = "<group>";
		};
		05339B682E6CB6E0003ED7A5 /* Products */ = {
			isa = PBXGroup;
			children = (
				05339B672E6CB6E0003ED7A5 /* TGO.app */,
				054B834D2E7D1E5D00DEF608 /* TGO_ActivityExtension.appex */,
			);
			name = Products;
			sourceTree = "<group>";
		};
		054B83282E7D1BD500DEF608 /* Frameworks */ = {
			isa = PBXGroup;
			children = (
				054B83292E7D1BD500DEF608 /* WidgetKit.framework */,
				054B832B2E7D1BD500DEF608 /* SwiftUI.framework */,
			);
			name = Frameworks;
			sourceTree = "<group>";
		};
		056404D02E7E2289007F2251 /* Shared */ = {
			isa = PBXGroup;
			children = (
				056404D12E7E2290007F2251 /* TGOAttributes.swift */,
			);
			path = Shared;
			sourceTree = "<group>";
		};
/* End PBXGroup section */

/* Begin PBXNativeTarget section */
		05339B662E6CB6E0003ED7A5 /* TGO */ = {
			isa = PBXNativeTarget;
			buildConfigurationList = 05339B772E6CB6E3003ED7A5 /* Build configuration list for PBXNativeTarget "TGO" */;
			buildPhases = (
				05339B632E6CB6E0003ED7A5 /* Sources */,
				05339B642E6CB6E0003ED7A5 /* Frameworks */,
				05339B652E6CB6E0003ED7A5 /* Resources */,
				054B83422E7D1BD800DEF608 /* Embed Foundation Extensions */,
			);
			buildRules = (
			);
			dependencies = (
				054B835F2E7D1E6000DEF608 /* PBXTargetDependency */,
			);
			fileSystemSynchronizedGroups = (
				05339B692E6CB6E0003ED7A5 /* TGO */,
			);
			name = TGO;
			packageProductDependencies = (
			);
			productName = TGO;
			productReference = 05339B672E6CB6E0003ED7A5 /* TGO.app */;
			productType = "com.apple.product-type.application";
		};
		054B834C2E7D1E5D00DEF608 /* TGO_ActivityExtension */ = {
			isa = PBXNativeTarget;
			buildConfigurationList = 054B83612E7D1E6000DEF608 /* Build configuration list for PBXNativeTarget "TGO_ActivityExtension" */;
			buildPhases = (
				054B83492E7D1E5D00DEF608 /* Sources */,
				054B834A2E7D1E5D00DEF608 /* Frameworks */,
				054B834B2E7D1E5D00DEF608 /* Resources */,
			);
			buildRules = (
			);
			dependencies = (
			);
			fileSystemSynchronizedGroups = (
				054B83502E7D1E5D00DEF608 /* TGO_Activity */,
			);
			name = TGO_ActivityExtension;
			packageProductDependencies = (
			);
			productName = TGO_ActivityExtension;
			productReference = 054B834D2E7D1E5D00DEF608 /* TGO_ActivityExtension.appex */;
			productType = "com.apple.product-type.app-extension";
		};
/* End PBXNativeTarget section */

/* Begin PBXProject section */
		05339B5F2E6CB6E0003ED7A5 /* Project object */ = {
			isa = PBXProject;
			attributes = {
				BuildIndependentTargetsInParallel = 1;
				LastSwiftUpdateCheck = 2600;
				LastUpgradeCheck = 1640;
				TargetAttributes = {
					05339B662E6CB6E0003ED7A5 = {
						CreatedOnToolsVersion = 16.4;
					};
					054B834C2E7D1E5D00DEF608 = {
						CreatedOnToolsVersion = 26.0;
					};
				};
			};
			buildConfigurationList = 05339B622E6CB6E0003ED7A5 /* Build configuration list for PBXProject "TGO" */;
			developmentRegion = en;
			hasScannedForEncodings = 0;
			knownRegions = (
				en,
				Base,
			);
			mainGroup = 05339B5E2E6CB6E0003ED7A5;
			minimizedProjectReferenceProxies = 1;
			preferredProjectObjectVersion = 77;
			productRefGroup = 05339B682E6CB6E0003ED7A5 /* Products */;
			projectDirPath = "";
			projectRoot = "";
			targets = (
				05339B662E6CB6E0003ED7A5 /* TGO */,
				054B834C2E7D1E5D00DEF608 /* TGO_ActivityExtension */,
			);
		};
/* End PBXProject section */

/* Begin PBXResourcesBuildPhase section */
		05339B652E6CB6E0003ED7A5 /* Resources */ = {
			isa = PBXResourcesBuildPhase;
			buildActionMask = 2147483647;
			files = (
			);
			runOnlyForDeploymentPostprocessing = 0;
		};
		054B834B2E7D1E5D00DEF608 /* Resources */ = {
			isa = PBXResourcesBuildPhase;
			buildActionMask = 2147483647;
			files = (
			);
			runOnlyForDeploymentPostprocessing = 0;
		};
/* End PBXResourcesBuildPhase section */

/* Begin PBXSourcesBuildPhase section */
		05339B632E6CB6E0003ED7A5 /* Sources */ = {
			isa = PBXSourcesBuildPhase;
			buildActionMask = 2147483647;
			files = (
				056404D22E7E22A4007F2251 /* TGOAttributes.swift in Sources */,
			);
			runOnlyForDeploymentPostprocessing = 0;
		};
		054B83492E7D1E5D00DEF608 /* Sources */ = {
			isa = PBXSourcesBuildPhase;
			buildActionMask = 2147483647;
			files = (
				056404D32E7E22A4007F2251 /* TGOAttributes.swift in Sources */,
			);
			runOnlyForDeploymentPostprocessing = 0;
		};
/* End PBXSourcesBuildPhase section */

/* Begin PBXTargetDependency section */
		054B835F2E7D1E6000DEF608 /* PBXTargetDependency */ = {
			isa = PBXTargetDependency;
			target = 054B834C2E7D1E5D00DEF608 /* TGO_ActivityExtension */;
			targetProxy = 054B835E2E7D1E6000DEF608 /* PBXContainerItemProxy */;
		};
/* End PBXTargetDependency section */

/* Begin XCBuildConfiguration section */
		05339B752E6CB6E3003ED7A5 /* Debug */ = {
			isa = XCBuildConfiguration;
			buildSettings = {
				ALWAYS_SEARCH_USER_PATHS = NO;
				ASSETCATALOG_COMPILER_GENERATE_SWIFT_ASSET_SYMBOL_EXTENSIONS = YES;
				CLANG_ANALYZER_NONNULL = YES;
				CLANG_ANALYZER_NUMBER_OBJECT_CONVERSION = YES_AGGRESSIVE;
				CLANG_CXX_LANGUAGE_STANDARD = "gnu++20";
				CLANG_ENABLE_MODULES = YES;
				CLANG_ENABLE_OBJC_ARC = YES;
				CLANG_ENABLE_OBJC_WEAK = YES;
				CLANG_WARN_BLOCK_CAPTURE_AUTORELEASING = YES;
				CLANG_WARN_BOOL_CONVERSION = YES;
				CLANG_WARN_COMMA = YES;
				CLANG_WARN_CONSTANT_CONVERSION = YES;
				CLANG_WARN_DEPRECATED_OBJC_IMPLEMENTATIONS = YES;
				CLANG_WARN_DIRECT_OBJC_ISA_USAGE = YES_ERROR;
				CLANG_WARN_DOCUMENTATION_COMMENTS = YES;
				CLANG_WARN_EMPTY_BODY = YES;
				CLANG_WARN_ENUM_CONVERSION = YES;
				CLANG_WARN_INFINITE_RECURSION = YES;
				CLANG_WARN_INT_CONVERSION = YES;
				CLANG_WARN_NON_LITERAL_NULL_CONVERSION = YES;
				CLANG_WARN_OBJC_IMPLICIT_RETAIN_SELF = YES;
				CLANG_WARN_OBJC_LITERAL_CONVERSION = YES;
				CLANG_WARN_OBJC_ROOT_CLASS = YES_ERROR;
				CLANG_WARN_QUOTED_INCLUDE_IN_FRAMEWORK_HEADER = YES;
				CLANG_WARN_RANGE_LOOP_ANALYSIS = YES;
				CLANG_WARN_STRICT_PROTOTYPES = YES;
				CLANG_WARN_SUSPICIOUS_MOVE = YES;
				CLANG_WARN_UNGUARDED_AVAILABILITY = YES_AGGRESSIVE;
				CLANG_WARN_UNREACHABLE_CODE = YES;
				CLANG_WARN__DUPLICATE_METHOD_MATCH = YES;
				COPY_PHASE_STRIP = NO;
				DEBUG_INFORMATION_FORMAT = dwarf;
				DEVELOPMENT_TEAM = 47BSYSRS4D;
				ENABLE_STRICT_OBJC_MSGSEND = YES;
				ENABLE_TESTABILITY = YES;
				ENABLE_USER_SCRIPT_SANDBOXING = YES;
				GCC_C_LANGUAGE_STANDARD = gnu17;
				GCC_DYNAMIC_NO_PIC = NO;
				GCC_NO_COMMON_BLOCKS = YES;
				GCC_OPTIMIZATION_LEVEL = 0;
				GCC_PREPROCESSOR_DEFINITIONS = (
					"DEBUG=1",
					"$(inherited)",
				);
				GCC_WARN_64_TO_32_BIT_CONVERSION = YES;
				GCC_WARN_ABOUT_RETURN_TYPE = YES_ERROR;
				GCC_WARN_UNDECLARED_SELECTOR = YES;
				GCC_WARN_UNINITIALIZED_AUTOS = YES_AGGRESSIVE;
				GCC_WARN_UNUSED_FUNCTION = YES;
				GCC_WARN_UNUSED_VARIABLE = YES;
				IPHONEOS_DEPLOYMENT_TARGET = 18.5;
				LOCALIZATION_PREFERS_STRING_CATALOGS = YES;
				MTL_ENABLE_DEBUG_INFO = INCLUDE_SOURCE;
				MTL_FAST_MATH = YES;
				ONLY_ACTIVE_ARCH = YES;
				SDKROOT = iphoneos;
				SWIFT_ACTIVE_COMPILATION_CONDITIONS = "DEBUG $(inherited)";
				SWIFT_OPTIMIZATION_LEVEL = "-Onone";
			};
			name = Debug;
		};
		05339B762E6CB6E3003ED7A5 /* Release */ = {
			isa = XCBuildConfiguration;
			buildSettings = {
				ALWAYS_SEARCH_USER_PATHS = NO;
				ASSETCATALOG_COMPILER_GENERATE_SWIFT_ASSET_SYMBOL_EXTENSIONS = YES;
				CLANG_ANALYZER_NONNULL = YES;
				CLANG_ANALYZER_NUMBER_OBJECT_CONVERSION = YES_AGGRESSIVE;
				CLANG_CXX_LANGUAGE_STANDARD = "gnu++20";
				CLANG_ENABLE_MODULES = YES;
				CLANG_ENABLE_OBJC_ARC = YES;
				CLANG_ENABLE_OBJC_WEAK = YES;
				CLANG_WARN_BLOCK_CAPTURE_AUTORELEASING = YES;
				CLANG_WARN_BOOL_CONVERSION = YES;
				CLANG_WARN_COMMA = YES;
				CLANG_WARN_CONSTANT_CONVERSION = YES;
				CLANG_WARN_DEPRECATED_OBJC_IMPLEMENTATIONS = YES;
				CLANG_WARN_DIRECT_OBJC_ISA_USAGE = YES_ERROR;
				CLANG_WARN_DOCUMENTATION_COMMENTS = YES;
				CLANG_WARN_EMPTY_BODY = YES;
				CLANG_WARN_ENUM_CONVERSION = YES;
				CLANG_WARN_INFINITE_RECURSION = YES;
				CLANG_WARN_INT_CONVERSION = YES;
				CLANG_WARN_NON_LITERAL_NULL_CONVERSION = YES;
				CLANG_WARN_OBJC_IMPLICIT_RETAIN_SELF = YES;
				CLANG_WARN_OBJC_LITERAL_CONVERSION = YES;
				CLANG_WARN_OBJC_ROOT_CLASS = YES_ERROR;
				CLANG_WARN_QUOTED_INCLUDE_IN_FRAMEWORK_HEADER = YES;
				CLANG_WARN_RANGE_LOOP_ANALYSIS = YES;
				CLANG_WARN_STRICT_PROTOTYPES = YES;
				CLANG_WARN_SUSPICIOUS_MOVE = YES;
				CLANG_WARN_UNGUARDED_AVAILABILITY = YES_AGGRESSIVE;
				CLANG_WARN_UNREACHABLE_CODE = YES;
				CLANG_WARN__DUPLICATE_METHOD_MATCH = YES;
				COPY_PHASE_STRIP = NO;
				DEBUG_INFORMATION_FORMAT = "dwarf-with-dsym";
				DEVELOPMENT_TEAM = 47BSYSRS4D;
				ENABLE_NS_ASSERTIONS = NO;
				ENABLE_STRICT_OBJC_MSGSEND = YES;
				ENABLE_USER_SCRIPT_SANDBOXING = YES;
				GCC_C_LANGUAGE_STANDARD = gnu17;
				GCC_NO_COMMON_BLOCKS = YES;
				GCC_WARN_64_TO_32_BIT_CONVERSION = YES;
				GCC_WARN_ABOUT_RETURN_TYPE = YES_ERROR;
				GCC_WARN_UNDECLARED_SELECTOR = YES;
				GCC_WARN_UNINITIALIZED_AUTOS = YES_AGGRESSIVE;
				GCC_WARN_UNUSED_FUNCTION = YES;
				GCC_WARN_UNUSED_VARIABLE = YES;
				IPHONEOS_DEPLOYMENT_TARGET = 18.5;
				LOCALIZATION_PREFERS_STRING_CATALOGS = YES;
				MTL_ENABLE_DEBUG_INFO = NO;
				MTL_FAST_MATH = YES;
				SDKROOT = iphoneos;
				SWIFT_COMPILATION_MODE = wholemodule;
				VALIDATE_PRODUCT = YES;
			};
			name = Release;
		};
		05339B782E6CB6E3003ED7A5 /* Debug */ = {
			isa = XCBuildConfiguration;
			buildSettings = {
				ASSETCATALOG_COMPILER_APPICON_NAME = "Commute App Icon";
				ASSETCATALOG_COMPILER_GLOBAL_ACCENT_COLOR_NAME = AccentColor;
				CODE_SIGN_STYLE = Automatic;
				CURRENT_PROJECT_VERSION = 1;
				DEVELOPMENT_TEAM = 47BSYSRS4D;
				ENABLE_PREVIEWS = YES;
				GENERATE_INFOPLIST_FILE = YES;
				INFOPLIST_FILE = TGO/Info.plist;
				INFOPLIST_KEY_NSLocationAlwaysAndWhenInUseUsageDescription = "Your location is used to center the map and show your position.";
				INFOPLIST_KEY_NSLocationAlwaysUsageDescription = "Your location is used to center the map and show your position.";
				INFOPLIST_KEY_NSLocationWhenInUseUsageDescription = "Your location is used to center the map and show your position.";
				INFOPLIST_KEY_NSSupportsLiveActivities = YES;
				INFOPLIST_KEY_UIApplicationSceneManifest_Generation = YES;
				INFOPLIST_KEY_UIApplicationSupportsIndirectInputEvents = YES;
				INFOPLIST_KEY_UILaunchScreen_Generation = YES;
				INFOPLIST_KEY_UISupportedInterfaceOrientations_iPad = "UIInterfaceOrientationPortrait UIInterfaceOrientationPortraitUpsideDown UIInterfaceOrientationLandscapeLeft UIInterfaceOrientationLandscapeRight";
				INFOPLIST_KEY_UISupportedInterfaceOrientations_iPhone = "UIInterfaceOrientationPortrait UIInterfaceOrientationLandscapeLeft UIInterfaceOrientationLandscapeRight";
				LD_RUNPATH_SEARCH_PATHS = (
					"$(inherited)",
					"@executable_path/Frameworks",
				);
				MARKETING_VERSION = 1.0;
				PRODUCT_BUNDLE_IDENTIFIER = natecoleman.TGO;
				PRODUCT_NAME = "$(TARGET_NAME)";
				SWIFT_EMIT_LOC_STRINGS = YES;
				SWIFT_VERSION = 5.0;
				TARGETED_DEVICE_FAMILY = "1,2";
			};
			name = Debug;
		};
		05339B792E6CB6E3003ED7A5 /* Release */ = {
			isa = XCBuildConfiguration;
			buildSettings = {
				ASSETCATALOG_COMPILER_APPICON_NAME = "Commute App Icon";
				ASSETCATALOG_COMPILER_GLOBAL_ACCENT_COLOR_NAME = AccentColor;
				CODE_SIGN_STYLE = Automatic;
				CURRENT_PROJECT_VERSION = 1;
				DEVELOPMENT_TEAM = 47BSYSRS4D;
				ENABLE_PREVIEWS = YES;
				GENERATE_INFOPLIST_FILE = YES;
				INFOPLIST_FILE = TGO/Info.plist;
				INFOPLIST_KEY_NSLocationAlwaysAndWhenInUseUsageDescription = "Your location is used to center the map and show your position.";
				INFOPLIST_KEY_NSLocationAlwaysUsageDescription = "Your location is used to center the map and show your position.";
				INFOPLIST_KEY_NSLocationWhenInUseUsageDescription = "Your location is used to center the map and show your position.";
				INFOPLIST_KEY_NSSupportsLiveActivities = YES;
				INFOPLIST_KEY_UIApplicationSceneManifest_Generation = YES;
				INFOPLIST_KEY_UIApplicationSupportsIndirectInputEvents = YES;
				INFOPLIST_KEY_UILaunchScreen_Generation = YES;
				INFOPLIST_KEY_UISupportedInterfaceOrientations_iPad = "UIInterfaceOrientationPortrait UIInterfaceOrientationPortraitUpsideDown UIInterfaceOrientationLandscapeLeft UIInterfaceOrientationLandscapeRight";
				INFOPLIST_KEY_UISupportedInterfaceOrientations_iPhone = "UIInterfaceOrientationPortrait UIInterfaceOrientationLandscapeLeft UIInterfaceOrientationLandscapeRight";
				LD_RUNPATH_SEARCH_PATHS = (
					"$(inherited)",
					"@executable_path/Frameworks",
				);
				MARKETING_VERSION = 1.0;
				PRODUCT_BUNDLE_IDENTIFIER = natecoleman.TGO;
				PRODUCT_NAME = "$(TARGET_NAME)";
				SWIFT_EMIT_LOC_STRINGS = YES;
				SWIFT_VERSION = 5.0;
				TARGETED_DEVICE_FAMILY = "1,2";
			};
			name = Release;
		};
		054B83622E7D1E6000DEF608 /* Debug */ = {
			isa = XCBuildConfiguration;
			buildSettings = {
				ASSETCATALOG_COMPILER_GLOBAL_ACCENT_COLOR_NAME = AccentColor;
				ASSETCATALOG_COMPILER_WIDGET_BACKGROUND_COLOR_NAME = WidgetBackground;
				CODE_SIGN_STYLE = Automatic;
				CURRENT_PROJECT_VERSION = 1;
				DEVELOPMENT_TEAM = 47BSYSRS4D;
				GENERATE_INFOPLIST_FILE = YES;
				INFOPLIST_FILE = TGO_Activity/Info.plist;
				INFOPLIST_KEY_CFBundleDisplayName = TGO_Activity;
				INFOPLIST_KEY_NSHumanReadableCopyright = "";
				IPHONEOS_DEPLOYMENT_TARGET = 26.0;
				LD_RUNPATH_SEARCH_PATHS = (
					"$(inherited)",
					"@executable_path/Frameworks",
					"@executable_path/../../Frameworks",
				);
				MARKETING_VERSION = 1.0;
				PRODUCT_BUNDLE_IDENTIFIER = "natecoleman.TGO.TGO-Activity";
				PRODUCT_NAME = "$(TARGET_NAME)";
				SKIP_INSTALL = YES;
				STRING_CATALOG_GENERATE_SYMBOLS = YES;
				SWIFT_APPROACHABLE_CONCURRENCY = YES;
				SWIFT_EMIT_LOC_STRINGS = YES;
				SWIFT_UPCOMING_FEATURE_MEMBER_IMPORT_VISIBILITY = YES;
				SWIFT_VERSION = 5.0;
				TARGETED_DEVICE_FAMILY = "1,2";
			};
			name = Debug;
		};
		054B83632E7D1E6000DEF608 /* Release */ = {
			isa = XCBuildConfiguration;
			buildSettings = {
				ASSETCATALOG_COMPILER_GLOBAL_ACCENT_COLOR_NAME = AccentColor;
				ASSETCATALOG_COMPILER_WIDGET_BACKGROUND_COLOR_NAME = WidgetBackground;
				CODE_SIGN_STYLE = Automatic;
				CURRENT_PROJECT_VERSION = 1;
				DEVELOPMENT_TEAM = 47BSYSRS4D;
				GENERATE_INFOPLIST_FILE = YES;
				INFOPLIST_FILE = TGO_Activity/Info.plist;
				INFOPLIST_KEY_CFBundleDisplayName = TGO_Activity;
				INFOPLIST_KEY_NSHumanReadableCopyright = "";
				IPHONEOS_DEPLOYMENT_TARGET = 26.0;
				LD_RUNPATH_SEARCH_PATHS = (
					"$(inherited)",
					"@executable_path/Frameworks",
					"@executable_path/../../Frameworks",
				);
				MARKETING_VERSION = 1.0;
				PRODUCT_BUNDLE_IDENTIFIER = "natecoleman.TGO.TGO-Activity";
				PRODUCT_NAME = "$(TARGET_NAME)";
				SKIP_INSTALL = YES;
				STRING_CATALOG_GENERATE_SYMBOLS = YES;
				SWIFT_APPROACHABLE_CONCURRENCY = YES;
				SWIFT_EMIT_LOC_STRINGS = YES;
				SWIFT_UPCOMING_FEATURE_MEMBER_IMPORT_VISIBILITY = YES;
				SWIFT_VERSION = 5.0;
				TARGETED_DEVICE_FAMILY = "1,2";
			};
			name = Release;
		};
/* End XCBuildConfiguration section */

/* Begin XCConfigurationList section */
		05339B622E6CB6E0003ED7A5 /* Build configuration list for PBXProject "TGO" */ = {
			isa = XCConfigurationList;
			buildConfigurations = (
				05339B752E6CB6E3003ED7A5 /* Debug */,
				05339B762E6CB6E3003ED7A5 /* Release */,
			);
			defaultConfigurationIsVisible = 0;
			defaultConfigurationName = Release;
		};
		05339B772E6CB6E3003ED7A5 /* Build configuration list for PBXNativeTarget "TGO" */ = {
			isa = XCConfigurationList;
			buildConfigurations = (
				05339B782E6CB6E3003ED7A5 /* Debug */,
				05339B792E6CB6E3003ED7A5 /* Release */,
			);
			defaultConfigurationIsVisible = 0;
			defaultConfigurationName = Release;
		};
		054B83612E7D1E6000DEF608 /* Build configuration list for PBXNativeTarget "TGO_ActivityExtension" */ = {
			isa = XCConfigurationList;
			buildConfigurations = (
				054B83622E7D1E6000DEF608 /* Debug */,
				054B83632E7D1E6000DEF608 /* Release */,
			);
			defaultConfigurationIsVisible = 0;
			defaultConfigurationName = Release;
		};
/* End XCConfigurationList section */
	};
	rootObject = 05339B5F2E6CB6E0003ED7A5 /* Project object */;
}
